Microsoft Visual Studio Solution File, Format Version 8.00
Project("{8BC9CEB8-8B4A-11D0-8D11-00A0C91BC942}") = "yhi", "yhi.2003.vcproj", "{24DC2298-27D7-4CFE-8AA9-D4DB0080FB62}"
	ProjectSection(ProjectDependencies) = postProject
	EndProjectSection
EndProject
Global
	GlobalSection(SolutionConfiguration) = preSolution
		Debug = Debug
		Release = Release
	EndGlobalSection
	GlobalSection(ProjectConfiguration) = postSolution
		{24DC2298-27D7-4CFE-8AA9-D4DB0080FB62}.Debug.ActiveCfg = Debug|Win32
		{24DC2298-27D7-4CFE-8AA9-D4DB0080FB62}.Debug.Build.0 = Debug|Win32
		{24DC2298-27D7-4CFE-8AA9-D4DB0080FB62}.Release.ActiveCfg = Release|Win32
		{24DC2298-27D7-4CFE-8AA9-D4DB0080FB62}.Release.Build.0 = Release|Win32
	EndGlobalSection
	GlobalSection(ExtensibilityGlobals) = postSolution
	EndGlobalSection
	GlobalSection(ExtensibilityAddIns) = postSolution
	EndGlobalSection
EndGlobal
